// !$*UTF8*$!
{
	archiveVersion = 1;
	classes = {
	};
	objectVersion = 55;
	objects = {

/* Begin PBXBuildFile section */
		3CC7D2A528BB6C1E00B13C0E /* AppDelegate.swift in Sources */ = {isa = PBXBuildFile; fileRef = 3CC7D2A428BB6C1E00B13C0E /* AppDelegate.swift */; };
		3CC7D2A728BB6C1E00B13C0E /* ContentView.swift in Sources */ = {isa = PBXBuildFile; fileRef = 3CC7D2A628BB6C1E00B13C0E /* ContentView.swift */; };
		3CC7D2AB28BB6C2000B13C0E /* Assets.xcassets in Resources */ = {isa = PBXBuildFile; fileRef = 3CC7D2AA28BB6C2000B13C0E /* Assets.xcassets */; };
		3CC7D2AE28BB6C2000B13C0E /* Preview Assets.xcassets in Resources */ = {isa = PBXBuildFile; fileRef = 3CC7D2AD28BB6C2000B13C0E /* Preview Assets.xcassets */; };
		3CC7D2B828BB6C2000B13C0E /* ARGlassesTests.swift in Sources */ = {isa = PBXBuildFile; fileRef = 3CC7D2B728BB6C2000B13C0E /* ARGlassesTests.swift */; };
		3CC7D2C228BB6C2000B13C0E /* ARGlassesUITests.swift in Sources */ = {isa = PBXBuildFile; fileRef = 3CC7D2C128BB6C2000B13C0E /* ARGlassesUITests.swift */; };
		3CC7D2C428BB6C2000B13C0E /* ARGlassesUITestsLaunchTests.swift in Sources */ = {isa = PBXBuildFile; fileRef = 3CC7D2C328BB6C2000B13C0E /* ARGlassesUITestsLaunchTests.swift */; };
/* End PBXBuildFile section */

/* Begin PBXContainerItemProxy section */
		3CC7D2B428BB6C2000B13C0E /* PBXContainerItemProxy */ = {
			isa = PBXContainerItemProxy;
			containerPortal = 3CC7D29928BB6C1E00B13C0E /* Project object */;
			proxyType = 1;
			remoteGlobalIDString = 3CC7D2A028BB6C1E00B13C0E;
			remoteInfo = ARGlasses;
		};
		3CC7D2BE28BB6C2000B13C0E /* PBXContainerItemProxy */ = {
			isa = PBXContainerItemProxy;
			containerPortal = 3CC7D29928BB6C1E00B13C0E /* Project object */;
			proxyType = 1;
			remoteGlobalIDString = 3CC7D2A028BB6C1E00B13C0E;
			remoteInfo = ARGlasses;
		};
/* End PBXContainerItemProxy section */

/* Begin PBXFileReference section */
		3CC7D2A128BB6C1E00B13C0E /* ARGlasses.app */ = {isa = PBXFileReference; explicitFileType = wrapper.application; includeInIndex = 0; path = ARGlasses.app; sourceTree = BUILT_PRODUCTS_DIR; };
		3CC7D2A428BB6C1E00B13C0E /* AppDelegate.swift */ = {isa = PBXFileReference; lastKnownFileType = sourcecode.swift; path = AppDelegate.swift; sourceTree = "<group>"; };
		3CC7D2A628BB6C1E00B13C0E /* ContentView.swift */ = {isa = PBXFileReference; lastKnownFileType = sourcecode.swift; path = ContentView.swift; sourceTree = "<group>"; };
		3CC7D2AA28BB6C2000B13C0E /* Assets.xcassets */ = {isa = PBXFileReference; lastKnownFileType = folder.assetcatalog; path = Assets.xcassets; sourceTree = "<group>"; };
		3CC7D2AD28BB6C2000B13C0E /* Preview Assets.xcassets */ = {isa = PBXFileReference; lastKnownFileType = folder.assetcatalog; path = "Preview Assets.xcassets"; sourceTree = "<group>"; };
		3CC7D2B328BB6C2000B13C0E /* ARGlassesTests.xctest */ = {isa = PBXFileReference; explicitFileType = wrapper.cfbundle; includeInIndex = 0; path = ARGlassesTests.xctest; sourceTree = BUILT_PRODUCTS_DIR; };
		3CC7D2B728BB6C2000B13C0E /* ARGlassesTests.swift */ = {isa = PBXFileReference; lastKnownFileType = sourcecode.swift; path = ARGlassesTests.swift; sourceTree = "<group>"; };
		3CC7D2BD28BB6C2000B13C0E /* ARGlassesUITests.xctest */ = {isa = PBXFileReference; explicitFileType = wrapper.cfbundle; includeInIndex = 0; path = ARGlassesUITests.xctest; sourceTree = BUILT_PRODUCTS_DIR; };
		3CC7D2C128BB6C2000B13C0E /* ARGlassesUITests.swift */ = {isa = PBXFileReference; lastKnownFileType = sourcecode.swift; path = ARGlassesUITests.swift; sourceTree = "<group>"; };
		3CC7D2C328BB6C2000B13C0E /* ARGlassesUITestsLaunchTests.swift */ = {isa = PBXFileReference; lastKnownFileType = sourcecode.swift; path = ARGlassesUITestsLaunchTests.swift; sourceTree = "<group>"; };
/* End PBXFileReference section */

/* Begin PBXFrameworksBuildPhase section */
		3CC7D29E28BB6C1E00B13C0E /* Frameworks */ = {
			isa = PBXFrameworksBuildPhase;
			buildActionMask = 2147483647;
			files = (
			);
			runOnlyForDeploymentPostprocessing = 0;
		};
		3CC7D2B028BB6C2000B13C0E /* Frameworks */ = {
			isa = PBXFrameworksBuildPhase;
			buildActionMask = 2147483647;
			files = (
			);
			runOnlyForDeploymentPostprocessing = 0;
		};
		3CC7D2BA28BB6C2000B13C0E /* Frameworks */ = {
			isa = PBXFrameworksBuildPhase;
			buildActionMask = 2147483647;
			files = (
			);
			runOnlyForDeploymentPostprocessing = 0;
		};
/* End PBXFrameworksBuildPhase section */

/* Begin PBXGroup section */
		3CC7D29828BB6C1E00B13C0E = {
			isa = PBXGroup;
			children = (
				3CC7D2A328BB6C1E00B13C0E /* ARGlasses */,
				3CC7D2B628BB6C2000B13C0E /* ARGlassesTests */,
				3CC7D2C028BB6C2000B13C0E /* ARGlassesUITests */,
				3CC7D2A228BB6C1E00B13C0E /* Products */,
			);
			sourceTree = "<group>";
		};
		3CC7D2A228BB6C1E00B13C0E /* Products */ = {
			isa = PBXGroup;
			children = (
				3CC7D2A128BB6C1E00B13C0E /* ARGlasses.app */,
				3CC7D2B328BB6C2000B13C0E /* ARGlassesTests.xctest */,
				3CC7D2BD28BB6C2000B13C0E /* ARGlassesUITests.xctest */,
			);
			name = Products;
			sourceTree = "<group>";
		};
		3CC7D2A328BB6C1E00B13C0E /* ARGlasses */ = {
			isa = PBXGroup;
			children = (
				3CC7D2A428BB6C1E00B13C0E /* AppDelegate.swift */,
				3CC7D2A628BB6C1E00B13C0E /* ContentView.swift */,
				3CC7D2AA28BB6C2000B13C0E /* Assets.xcassets */,
				3CC7D2AC28BB6C2000B13C0E /* Preview Content */,
			);
			path = ARGlasses;
			sourceTree = "<group>";
		};
		3CC7D2AC28BB6C2000B13C0E /* Preview Content */ = {
			isa = PBXGroup;
			children = (
				3CC7D2AD28BB6C2000B13C0E /* Preview Assets.xcassets */,
			);
			path = "Preview Content";
			sourceTree = "<group>";
		};
		3CC7D2B628BB6C2000B13C0E /* ARGlassesTests */ = {
			isa = PBXGroup;
			children = (
				3CC7D2B728BB6C2000B13C0E /* ARGlassesTests.swift */,
			);
			path = ARGlassesTests;
			sourceTree = "<group>";
		};
		3CC7D2C028BB6C2000B13C0E /* ARGlassesUITests */ = {
			isa = PBXGroup;
			children = (
				3CC7D2C128BB6C2000B13C0E /* ARGlassesUITests.swift */,
				3CC7D2C328BB6C2000B13C0E /* ARGlassesUITestsLaunchTests.swift */,
			);
			path = ARGlassesUITests;
			sourceTree = "<group>";
		};
/* End PBXGroup section */

/* Begin PBXNativeTarget section */
		3CC7D2A028BB6C1E00B13C0E /* ARGlasses */ = {
			isa = PBXNativeTarget;
			buildConfigurationList = 3CC7D2C728BB6C2000B13C0E /* Build configuration list for PBXNativeTarget "ARGlasses" */;
			buildPhases = (
				3CC7D29D28BB6C1E00B13C0E /* Sources */,
				3CC7D29E28BB6C1E00B13C0E /* Frameworks */,
				3CC7D29F28BB6C1E00B13C0E /* Resources */,
			);
			buildRules = (
			);
			dependencies = (
			);
			name = ARGlasses;
			productName = ARGlasses;
			productReference = 3CC7D2A128BB6C1E00B13C0E /* ARGlasses.app */;
			productType = "com.apple.product-type.application";
		};
		3CC7D2B228BB6C2000B13C0E /* ARGlassesTests */ = {
			isa = PBXNativeTarget;
			buildConfigurationList = 3CC7D2CA28BB6C2000B13C0E /* Build configuration list for PBXNativeTarget "ARGlassesTests" */;
			buildPhases = (
				3CC7D2AF28BB6C2000B13C0E /* Sources */,
				3CC7D2B028BB6C2000B13C0E /* Frameworks */,
				3CC7D2B128BB6C2000B13C0E /* Resources */,
			);
			buildRules = (
			);
			dependencies = (
				3CC7D2B528BB6C2000B13C0E /* PBXTargetDependency */,
			);
			name = ARGlassesTests;
			productName = ARGlassesTests;
			productReference = 3CC7D2B328BB6C2000B13C0E /* ARGlassesTests.xctest */;
			productType = "com.apple.product-type.bundle.unit-test";
		};
		3CC7D2BC28BB6C2000B13C0E /* ARGlassesUITests */ = {
			isa = PBXNativeTarget;
			buildConfigurationList = 3CC7D2CD28BB6C2000B13C0E /* Build configuration list for PBXNativeTarget "ARGlassesUITests" */;
			buildPhases = (
				3CC7D2B928BB6C2000B13C0E /* Sources */,
				3CC7D2BA28BB6C2000B13C0E /* Frameworks */,
				3CC7D2BB28BB6C2000B13C0E /* Resources */,
			);
			buildRules = (
			);
			dependencies = (
				3CC7D2BF28BB6C2000B13C0E /* PBXTargetDependency */,
			);
			name = ARGlassesUITests;
			productName = ARGlassesUITests;
			productReference = 3CC7D2BD28BB6C2000B13C0E /* ARGlassesUITests.xctest */;
			productType = "com.apple.product-type.bundle.ui-testing";
		};
/* End PBXNativeTarget section */

/* Begin PBXProject section */
		3CC7D29928BB6C1E00B13C0E /* Project object */ = {
			isa = PBXProject;
			attributes = {
				BuildIndependentTargetsInParallel = 1;
				LastSwiftUpdateCheck = 1340;
				LastUpgradeCheck = 1340;
				TargetAttributes = {
					3CC7D2A028BB6C1E00B13C0E = {
						CreatedOnToolsVersion = 13.4.1;
					};
					3CC7D2B228BB6C2000B13C0E = {
						CreatedOnToolsVersion = 13.4.1;
						TestTargetID = 3CC7D2A028BB6C1E00B13C0E;
					};
					3CC7D2BC28BB6C2000B13C0E = {
						CreatedOnToolsVersion = 13.4.1;
						TestTargetID = 3CC7D2A028BB6C1E00B13C0E;
					};
				};
			};
			buildConfigurationList = 3CC7D29C28BB6C1E00B13C0E /* Build configuration list for PBXProject "ARGlasses" */;
			compatibilityVersion = "Xcode 13.0";
			developmentRegion = en;
			hasScannedForEncodings = 0;
			knownRegions = (
				en,
				Base,
			);
			mainGroup = 3CC7D29828BB6C1E00B13C0E;
			productRefGroup = 3CC7D2A228BB6C1E00B13C0E /* Products */;
			projectDirPath = "";
			projectRoot = "";
			targets = (
				3CC7D2A028BB6C1E00B13C0E /* ARGlasses */,
				3CC7D2B228BB6C2000B13C0E /* ARGlassesTests */,
				3CC7D2BC28BB6C2000B13C0E /* ARGlassesUITests */,
			);
		};
/* End PBXProject section */

/* Begin PBXResourcesBuildPhase section */
		3CC7D29F28BB6C1E00B13C0E /* Resources */ = {
			isa = PBXResourcesBuildPhase;
			buildActionMask = 2147483647;
			files = (
				3CC7D2AE28BB6C2000B13C0E /* Preview Assets.xcassets in Resources */,
				3CC7D2AB28BB6C2000B13C0E /* Assets.xcassets in Resources */,
			);
			runOnlyForDeploymentPostprocessing = 0;
		};
		3CC7D2B128BB6C2000B13C0E /* Resources */ = {
			isa = PBXResourcesBuildPhase;
			buildActionMask = 2147483647;
			files = (
			);
			runOnlyForDeploymentPostprocessing = 0;
		};
		3CC7D2BB28BB6C2000B13C0E /* Resources */ = {
			isa = PBXResourcesBuildPhase;
			buildActionMask = 2147483647;
			files = (
			);
			runOnlyForDeploymentPostprocessing = 0;
		};
/* End PBXResourcesBuildPhase section */

/* Begin PBXSourcesBuildPhase section */
		3CC7D29D28BB6C1E00B13C0E /* Sources */ = {
			isa = PBXSourcesBuildPhase;
			buildActionMask = 2147483647;
			files = (
				3CC7D2A728BB6C1E00B13C0E /* ContentView.swift in Sources */,
				3CC7D2A528BB6C1E00B13C0E /* AppDelegate.swift in Sources */,
			);
			runOnlyForDeploymentPostprocessing = 0;
		};
		3CC7D2AF28BB6C2000B13C0E /* Sources */ = {
			isa = PBXSourcesBuildPhase;
			buildActionMask = 2147483647;
			files = (
				3CC7D2B828BB6C2000B13C0E /* ARGlassesTests.swift in Sources */,
			);
			runOnlyForDeploymentPostprocessing = 0;
		};
		3CC7D2B928BB6C2000B13C0E /* Sources */ = {
			isa = PBXSourcesBuildPhase;
			buildActionMask = 2147483647;
			files = (
				3CC7D2C428BB6C2000B13C0E /* ARGlassesUITestsLaunchTests.swift in Sources */,
				3CC7D2C228BB6C2000B13C0E /* ARGlassesUITests.swift in Sources */,
			);
			runOnlyForDeploymentPostprocessing = 0;
		};
/* End PBXSourcesBuildPhase section */

/* Begin PBXTargetDependency section */
		3CC7D2B528BB6C2000B13C0E /* PBXTargetDependency */ = {
			isa = PBXTargetDependency;
			target = 3CC7D2A028BB6C1E00B13C0E /* ARGlasses */;
			targetProxy = 3CC7D2B428BB6C2000B13C0E /* PBXContainerItemProxy */;
		};
		3CC7D2BF28BB6C2000B13C0E /* PBXTargetDependency */ = {
			isa = PBXTargetDependency;
			target = 3CC7D2A028BB6C1E00B13C0E /* ARGlasses */;
			targetProxy = 3CC7D2BE28BB6C2000B13C0E /* PBXContainerItemProxy */;
		};
/* End PBXTargetDependency section */

/* Begin XCBuildConfiguration section */
		3CC7D2C528BB6C2000B13C0E /* Debug */ = {
			isa = XCBuildConfiguration;
			buildSettings = {
				ALWAYS_SEARCH_USER_PATHS = NO;
				CLANG_ANALYZER_NONNULL = YES;
				CLANG_ANALYZER_NUMBER_OBJECT_CONVERSION = YES_AGGRESSIVE;
				CLANG_CXX_LANGUAGE_STANDARD = "gnu++17";
				CLANG_ENABLE_MODULES = YES;
				CLANG_ENABLE_OBJC_ARC = YES;
				CLANG_ENABLE_OBJC_WEAK = YES;
				CLANG_WARN_BLOCK_CAPTURE_AUTORELEASING = YES;
				CLANG_WARN_BOOL_CONVERSION = YES;
				CLANG_WARN_COMMA = YES;
				CLANG_WARN_CONSTANT_CONVERSION = YES;
				CLANG_WARN_DEPRECATED_OBJC_IMPLEMENTATIONS = YES;
				CLANG_WARN_DIRECT_OBJC_ISA_USAGE = YES_ERROR;
				CLANG_WARN_DOCUMENTATION_COMMENTS = YES;
				CLANG_WARN_EMPTY_BODY = YES;
				CLANG_WARN_ENUM_CONVERSION = YES;
				CLANG_WARN_INFINITE_RECURSION = YES;
				CLANG_WARN_INT_CONVERSION = YES;
				CLANG_WARN_NON_LITERAL_NULL_CONVERSION = YES;
				CLANG_WARN_OBJC_IMPLICIT_RETAIN_SELF = YES;
				CLANG_WARN_OBJC_LITERAL_CONVERSION = YES;
				CLANG_WARN_OBJC_ROOT_CLASS = YES_ERROR;
				CLANG_WARN_QUOTED_INCLUDE_IN_FRAMEWORK_HEADER = YES;
				CLANG_WARN_RANGE_LOOP_ANALYSIS = YES;
				CLANG_WARN_STRICT_PROTOTYPES = YES;
				CLANG_WARN_SUSPICIOUS_MOVE = YES;
				CLANG_WARN_UNGUARDED_AVAILABILITY = YES_AGGRESSIVE;
				CLANG_WARN_UNREACHABLE_CODE = YES;
				CLANG_WARN__DUPLICATE_METHOD_MATCH = YES;
				COPY_PHASE_STRIP = NO;
				DEBUG_INFORMATION_FORMAT = dwarf;
				ENABLE_STRICT_OBJC_MSGSEND = YES;
				ENABLE_TESTABILITY = YES;
				GCC_C_LANGUAGE_STANDARD = gnu11;
				GCC_DYNAMIC_NO_PIC = NO;
				GCC_NO_COMMON_BLOCKS = YES;
				GCC_OPTIMIZATION_LEVEL = 0;
				GCC_PREPROCESSOR_DEFINITIONS = (
					"DEBUG=1",
					"$(inherited)",
				);
				GCC_WARN_64_TO_32_BIT_CONVERSION = YES;
				GCC_WARN_ABOUT_RETURN_TYPE = YES_ERROR;
				GCC_WARN_UNDECLARED_SELECTOR = YES;
				GCC_WARN_UNINITIALIZED_AUTOS = YES_AGGRESSIVE;
				GCC_WARN_UNUSED_FUNCTION = YES;
				GCC_WARN_UNUSED_VARIABLE = YES;
				IPHONEOS_DEPLOYMENT_TARGET = 15.5;
				MTL_ENABLE_DEBUG_INFO = INCLUDE_SOURCE;
				MTL_FAST_MATH = YES;
				ONLY_ACTIVE_ARCH = YES;
				SDKROOT = iphoneos;
				SWIFT_ACTIVE_COMPILATION_CONDITIONS = DEBUG;
				SWIFT_OPTIMIZATION_LEVEL = "-Onone";
			};
			name = Debug;
		};
		3CC7D2C628BB6C2000B13C0E /* Release */ = {
			isa = XCBuildConfiguration;
			buildSettings = {
				ALWAYS_SEARCH_USER_PATHS = NO;
				CLANG_ANALYZER_NONNULL = YES;
				CLANG_ANALYZER_NUMBER_OBJECT_CONVERSION = YES_AGGRESSIVE;
				CLANG_CXX_LANGUAGE_STANDARD = "gnu++17";
				CLANG_ENABLE_MODULES = YES;
				CLANG_ENABLE_OBJC_ARC = YES;
				CLANG_ENABLE_OBJC_WEAK = YES;
				CLANG_WARN_BLOCK_CAPTURE_AUTORELEASING = YES;
				CLANG_WARN_BOOL_CONVERSION = YES;
				CLANG_WARN_COMMA = YES;
				CLANG_WARN_CONSTANT_CONVERSION = YES;
				CLANG_WARN_DEPRECATED_OBJC_IMPLEMENTATIONS = YES;
				CLANG_WARN_DIRECT_OBJC_ISA_USAGE = YES_ERROR;
				CLANG_WARN_DOCUMENTATION_COMMENTS = YES;
				CLANG_WARN_EMPTY_BODY = YES;
				CLANG_WARN_ENUM_CONVERSION = YES;
				CLANG_WARN_INFINITE_RECURSION = YES;
				CLANG_WARN_INT_CONVERSION = YES;
				CLANG_WARN_NON_LITERAL_NULL_CONVERSION = YES;
				CLANG_WARN_OBJC_IMPLICIT_RETAIN_SELF = YES;
				CLANG_WARN_OBJC_LITERAL_CONVERSION = YES;
				CLANG_WARN_OBJC_ROOT_CLASS = YES_ERROR;
				CLANG_WARN_QUOTED_INCLUDE_IN_FRAMEWORK_HEADER = YES;
				CLANG_WARN_RANGE_LOOP_ANALYSIS = YES;
				CLANG_WARN_STRICT_PROTOTYPES = YES;
				CLANG_WARN_SUSPICIOUS_MOVE = YES;
				CLANG_WARN_UNGUARDED_AVAILABILITY = YES_AGGRESSIVE;
				CLANG_WARN_UNREACHABLE_CODE = YES;
				CLANG_WARN__DUPLICATE_METHOD_MATCH = YES;
				COPY_PHASE_STRIP = NO;
				DEBUG_INFORMATION_FORMAT = "dwarf-with-dsym";
				ENABLE_NS_ASSERTIONS = NO;
				ENABLE_STRICT_OBJC_MSGSEND = YES;
				GCC_C_LANGUAGE_STANDARD = gnu11;
				GCC_NO_COMMON_BLOCKS = YES;
				GCC_WARN_64_TO_32_BIT_CONVERSION = YES;
				GCC_WARN_ABOUT_RETURN_TYPE = YES_ERROR;
				GCC_WARN_UNDECLARED_SELECTOR = YES;
				GCC_WARN_UNINITIALIZED_AUTOS = YES_AGGRESSIVE;
				GCC_WARN_UNUSED_FUNCTION = YES;
				GCC_WARN_UNUSED_VARIABLE = YES;
				IPHONEOS_DEPLOYMENT_TARGET = 15.5;
				MTL_ENABLE_DEBUG_INFO = NO;
				MTL_FAST_MATH = YES;
				SDKROOT = iphoneos;
				SWIFT_COMPILATION_MODE = wholemodule;
				SWIFT_OPTIMIZATION_LEVEL = "-O";
				VALIDATE_PRODUCT = YES;
			};
			name = Release;
		};
		3CC7D2C828BB6C2000B13C0E /* Debug */ = {
			isa = XCBuildConfiguration;
			buildSettings = {
				ASSETCATALOG_COMPILER_APPICON_NAME = AppIcon;
				ASSETCATALOG_COMPILER_GLOBAL_ACCENT_COLOR_NAME = AccentColor;
				CODE_SIGN_IDENTITY = "Apple Development";
				CODE_SIGN_STYLE = Automatic;
				CURRENT_PROJECT_VERSION = 1;
				DEVELOPMENT_ASSET_PATHS = "\"ARGlasses/Preview Content\"";
				DEVELOPMENT_TEAM = MY5ABU8M7U;
				ENABLE_PREVIEWS = YES;
				GENERATE_INFOPLIST_FILE = YES;
				INFOPLIST_KEY_NSCameraUsageDescription = "";
				INFOPLIST_KEY_UIApplicationSupportsIndirectInputEvents = YES;
				INFOPLIST_KEY_UILaunchScreen_Generation = YES;
				INFOPLIST_KEY_UIRequiredDeviceCapabilities = arkit;
				INFOPLIST_KEY_UIStatusBarHidden = YES;
				INFOPLIST_KEY_UISupportedInterfaceOrientations_iPad = "UIInterfaceOrientationPortrait UIInterfaceOrientationPortraitUpsideDown UIInterfaceOrientationLandscapeLeft UIInterfaceOrientationLandscapeRight";
				INFOPLIST_KEY_UISupportedInterfaceOrientations_iPhone = "UIInterfaceOrientationPortrait UIInterfaceOrientationLandscapeLeft UIInterfaceOrientationLandscapeRight";
				IPHONEOS_DEPLOYMENT_TARGET = 15.4;
				LD_RUNPATH_SEARCH_PATHS = (
					"$(inherited)",
					"@executable_path/Frameworks",
				);
				MARKETING_VERSION = 1.0;
				PRODUCT_BUNDLE_IDENTIFIER = buro.ap.ARGlasses;
				PRODUCT_NAME = "$(TARGET_NAME)";
				PROVISIONING_PROFILE_SPECIFIER = "";
				SWIFT_EMIT_LOC_STRINGS = YES;
				SWIFT_VERSION = 5.0;
				TARGETED_DEVICE_FAMILY = "1,2";
			};
			name = Debug;
		};
		3CC7D2C928BB6C2000B13C0E /* Release */ = {
			isa = XCBuildConfiguration;
			buildSettings = {
				ASSETCATALOG_COMPILER_APPICON_NAME = AppIcon;
				ASSETCATALOG_COMPILER_GLOBAL_ACCENT_COLOR_NAME = AccentColor;
				CODE_SIGN_IDENTITY = "Apple Development";
				CODE_SIGN_STYLE = Automatic;
				CURRENT_PROJECT_VERSION = 1;
				DEVELOPMENT_ASSET_PATHS = "\"ARGlasses/Preview Content\"";
				DEVELOPMENT_TEAM = MY5ABU8M7U;
				ENABLE_PREVIEWS = YES;
				GENERATE_INFOPLIST_FILE = YES;
				INFOPLIST_KEY_NSCameraUsageDescription = "";
				INFOPLIST_KEY_UIApplicationSupportsIndirectInputEvents = YES;
				INFOPLIST_KEY_UILaunchScreen_Generation = YES;
				INFOPLIST_KEY_UIRequiredDeviceCapabilities = arkit;
				INFOPLIST_KEY_UIStatusBarHidden = YES;
				INFOPLIST_KEY_UISupportedInterfaceOrientations_iPad = "UIInterfaceOrientationPortrait UIInterfaceOrientationPortraitUpsideDown UIInterfaceOrientationLandscapeLeft UIInterfaceOrientationLandscapeRight";
				INFOPLIST_KEY_UISupportedInterfaceOrientations_iPhone = "UIInterfaceOrientationPortrait UIInterfaceOrientationLandscapeLeft UIInterfaceOrientationLandscapeRight";
				IPHONEOS_DEPLOYMENT_TARGET = 15.4;
				LD_RUNPATH_SEARCH_PATHS = (
					"$(inherited)",
					"@executable_path/Frameworks",
				);
				MARKETING_VERSION = 1.0;
				PRODUCT_BUNDLE_IDENTIFIER = buro.ap.ARGlasses;
				PRODUCT_NAME = "$(TARGET_NAME)";
				PROVISIONING_PROFILE_SPECIFIER = "";
				SWIFT_EMIT_LOC_STRINGS = YES;
				SWIFT_VERSION = 5.0;
				TARGETED_DEVICE_FAMILY = "1,2";
			};
			name = Release;
		};
		3CC7D2CB28BB6C2000B13C0E /* Debug */ = {
			isa = XCBuildConfiguration;
			buildSettings = {
				ALWAYS_EMBED_SWIFT_STANDARD_LIBRARIES = YES;
				BUNDLE_LOADER = "$(TEST_HOST)";
				CODE_SIGN_STYLE = Automatic;
				CURRENT_PROJECT_VERSION = 1;
				DEVELOPMENT_TEAM = MY5ABU8M7U;
				GENERATE_INFOPLIST_FILE = YES;
				IPHONEOS_DEPLOYMENT_TARGET = 15.5;
				MARKETING_VERSION = 1.0;
				PRODUCT_BUNDLE_IDENTIFIER = buro.ap.ARGlassesTests;
				PRODUCT_NAME = "$(TARGET_NAME)";
				SWIFT_EMIT_LOC_STRINGS = NO;
				SWIFT_VERSION = 5.0;
				TARGETED_DEVICE_FAMILY = "1,2";
				TEST_HOST = "$(BUILT_PRODUCTS_DIR)/ARGlasses.app/ARGlasses";
			};
			name = Debug;
		};
		3CC7D2CC28BB6C2000B13C0E /* Release */ = {
			isa = XCBuildConfiguration;
			buildSettings = {
				ALWAYS_EMBED_SWIFT_STANDARD_LIBRARIES = YES;
				BUNDLE_LOADER = "$(TEST_HOST)";
				CODE_SIGN_STYLE = Automatic;
				CURRENT_PROJECT_VERSION = 1;
				DEVELOPMENT_TEAM = MY5ABU8M7U;
				GENERATE_INFOPLIST_FILE = YES;
				IPHONEOS_DEPLOYMENT_TARGET = 15.5;
				MARKETING_VERSION = 1.0;
				PRODUCT_BUNDLE_IDENTIFIER = buro.ap.ARGlassesTests;
				PRODUCT_NAME = "$(TARGET_NAME)";
				SWIFT_EMIT_LOC_STRINGS = NO;
				SWIFT_VERSION = 5.0;
				TARGETED_DEVICE_FAMILY = "1,2";
				TEST_HOST = "$(BUILT_PRODUCTS_DIR)/ARGlasses.app/ARGlasses";
			};
			name = Release;
		};
		3CC7D2CE28BB6C2000B13C0E /* Debug */ = {
			isa = XCBuildConfiguration;
			buildSettings = {
				ALWAYS_EMBED_SWIFT_STANDARD_LIBRARIES = YES;
				CODE_SIGN_STYLE = Automatic;
				CURRENT_PROJECT_VERSION = 1;
				DEVELOPMENT_TEAM = MY5ABU8M7U;
				GENERATE_INFOPLIST_FILE = YES;
				MARKETING_VERSION = 1.0;
				PRODUCT_BUNDLE_IDENTIFIER = buro.ap.ARGlassesUITests;
				PRODUCT_NAME = "$(TARGET_NAME)";
				SWIFT_EMIT_LOC_STRINGS = NO;
				SWIFT_VERSION = 5.0;
				TARGETED_DEVICE_FAMILY = "1,2";
				TEST_TARGET_NAME = ARGlasses;
			};
			name = Debug;
		};
		3CC7D2CF28BB6C2000B13C0E /* Release */ = {
			isa = XCBuildConfiguration;
			buildSettings = {
				ALWAYS_EMBED_SWIFT_STANDARD_LIBRARIES = YES;
				CODE_SIGN_STYLE = Automatic;
				CURRENT_PROJECT_VERSION = 1;
				DEVELOPMENT_TEAM = MY5ABU8M7U;
				GENERATE_INFOPLIST_FILE = YES;
				MARKETING_VERSION = 1.0;
				PRODUCT_BUNDLE_IDENTIFIER = buro.ap.ARGlassesUITests;
				PRODUCT_NAME = "$(TARGET_NAME)";
				SWIFT_EMIT_LOC_STRINGS = NO;
				SWIFT_VERSION = 5.0;
				TARGETED_DEVICE_FAMILY = "1,2";
				TEST_TARGET_NAME = ARGlasses;
			};
			name = Release;
		};
/* End XCBuildConfiguration section */

/* Begin XCConfigurationList section */
		3CC7D29C28BB6C1E00B13C0E /* Build configuration list for PBXProject "ARGlasses" */ = {
			isa = XCConfigurationList;
			buildConfigurations = (
				3CC7D2C528BB6C2000B13C0E /* Debug */,
				3CC7D2C628BB6C2000B13C0E /* Release */,
			);
			defaultConfigurationIsVisible = 0;
			defaultConfigurationName = Release;
		};
		3CC7D2C728BB6C2000B13C0E /* Build configuration list for PBXNativeTarget "ARGlasses" */ = {
			isa = XCConfigurationList;
			buildConfigurations = (
				3CC7D2C828BB6C2000B13C0E /* Debug */,
				3CC7D2C928BB6C2000B13C0E /* Release */,
			);
			defaultConfigurationIsVisible = 0;
			defaultConfigurationName = Release;
		};
		3CC7D2CA28BB6C2000B13C0E /* Build configuration list for PBXNativeTarget "ARGlassesTests" */ = {
			isa = XCConfigurationList;
			buildConfigurations = (
				3CC7D2CB28BB6C2000B13C0E /* Debug */,
				3CC7D2CC28BB6C2000B13C0E /* Release */,
			);
			defaultConfigurationIsVisible = 0;
			defaultConfigurationName = Release;
		};
		3CC7D2CD28BB6C2000B13C0E /* Build configuration list for PBXNativeTarget "ARGlassesUITests" */ = {
			isa = XCConfigurationList;
			buildConfigurations = (
				3CC7D2CE28BB6C2000B13C0E /* Debug */,
				3CC7D2CF28BB6C2000B13C0E /* Release */,
			);
			defaultConfigurationIsVisible = 0;
			defaultConfigurationName = Release;
		};
/* End XCConfigurationList section */
	};
	rootObject = 3CC7D29928BB6C1E00B13C0E /* Project object */;
}
